// !$*UTF8*$!
{
	archiveVersion = 1;
	classes = {
	};
	objectVersion = 44;
	objects = {

/* Begin PBXBuildFile section */
		3E18541A0F4781570070BEED /* EmulatorsOptionsController.m in Sources */ = {isa = PBXBuildFile; fileRef = 3E1854190F4781570070BEED /* EmulatorsOptionsController.m */; };
		3E5A56090FC8E44100DBBD9A /* BackRow.framework in Frameworks */ = {isa = PBXBuildFile; fileRef = 3E5A56080FC8E44100DBBD9A /* BackRow.framework */; };
		3E6095F3100C4E3C00C1493D /* RestartAppleTV.sh in Resources */ = {isa = PBXBuildFile; fileRef = 3E6095F2100C4E3C00C1493D /* RestartAppleTV.sh */; };
		3E62A3CB1017D0A4001316A1 /* EmulatorsDisableController.m in Sources */ = {isa = PBXBuildFile; fileRef = 3E62A3CA1017D0A4001316A1 /* EmulatorsDisableController.m */; };
		3E62A78B1017D392001316A1 /* EmulatorsForceQuitController.m in Sources */ = {isa = PBXBuildFile; fileRef = 3E62A78A1017D392001316A1 /* EmulatorsForceQuitController.m */; };
		3E7C06630E25396600546305 /* QuartzCore.framework in Frameworks */ = {isa = PBXBuildFile; fileRef = 3E7C06620E25396600546305 /* QuartzCore.framework */; };
		3E8F9187100C349000274DA3 /* RunScript.sh in Resources */ = {isa = PBXBuildFile; fileRef = 3E8F9186100C349000274DA3 /* RunScript.sh */; };
		3EB2F5690F3D5C2F003E095D /* EmulatorsAlertController.m in Sources */ = {isa = PBXBuildFile; fileRef = 3EB2F5680F3D5C2F003E095D /* EmulatorsAlertController.m */; };
		3EC821FE0F9137420037ACA2 /* com.bannister.boycottadvance.plist in Resources */ = {isa = PBXBuildFile; fileRef = 3EC821F80F9137420037ACA2 /* com.bannister.boycottadvance.plist */; };
		3EC821FF0F9137420037ACA2 /* com.bannister.genesisplus.plist in Resources */ = {isa = PBXBuildFile; fileRef = 3EC821F90F9137420037ACA2 /* com.bannister.genesisplus.plist */; };
		3EC822000F9137420037ACA2 /* com.bannister.mugrat.plist in Resources */ = {isa = PBXBuildFile; fileRef = 3EC821FA0F9137420037ACA2 /* com.bannister.mugrat.plist */; };
		3EC822010F9137420037ACA2 /* com.bannister.nestopia.plist in Resources */ = {isa = PBXBuildFile; fileRef = 3EC821FB0F9137420037ACA2 /* com.bannister.nestopia.plist */; };
		3EC822020F9137420037ACA2 /* com.Gerrit.sixtyforce.plist in Resources */ = {isa = PBXBuildFile; fileRef = 3EC821FC0F9137420037ACA2 /* com.Gerrit.sixtyforce.plist */; };
		3EC822030F9137420037ACA2 /* net.mame.mameosx.plist in Resources */ = {isa = PBXBuildFile; fileRef = 3EC821FD0F9137420037ACA2 /* net.mame.mameosx.plist */; };
		3EC8220B0F91375F0037ACA2 /* EnableQuartz.sh in Resources */ = {isa = PBXBuildFile; fileRef = 3EC822070F91375F0037ACA2 /* EnableQuartz.sh */; };
		3EC8220C0F91375F0037ACA2 /* EnableUIScripting.sh in Resources */ = {isa = PBXBuildFile; fileRef = 3EC822080F91375F0037ACA2 /* EnableUIScripting.sh */; };
		3EC8220D0F91375F0037ACA2 /* KillFinder.sh in Resources */ = {isa = PBXBuildFile; fileRef = 3EC822090F91375F0037ACA2 /* KillFinder.sh */; };
		3EC8220E0F91375F0037ACA2 /* RebuildLaunchServices.sh in Resources */ = {isa = PBXBuildFile; fileRef = 3EC8220A0F91375F0037ACA2 /* RebuildLaunchServices.sh */; };
		3ED7C1D20F365DA90006BC70 /* defaults.plist in Resources */ = {isa = PBXBuildFile; fileRef = 3ED7C1D10F365DA90006BC70 /* defaults.plist */; };
		3EDA34040FCB73C000556B9E /* SavePathToROM.sh in Resources */ = {isa = PBXBuildFile; fileRef = 3EDA34030FCB73C000556B9E /* SavePathToROM.sh */; };
		3EDA34060FCB76C400556B9E /* ForgetPathToROM.sh in Resources */ = {isa = PBXBuildFile; fileRef = 3EDA34050FCB76C400556B9E /* ForgetPathToROM.sh */; };
		3EE6FE210E11DBC000C50DF2 /* EmulatorsApplianceMenuController.m in Sources */ = {isa = PBXBuildFile; fileRef = 3EE6FE200E11DBC000C50DF2 /* EmulatorsApplianceMenuController.m */; };
		5EB6B1FD0F6A81E000EC5314 /* BackRowHelper.m in Sources */ = {isa = PBXBuildFile; fileRef = 5EB6B1FC0F6A81E000EC5314 /* BackRowHelper.m */; };
		8D5B49B0048680CD000E48DA /* InfoPlist.strings in Resources */ = {isa = PBXBuildFile; fileRef = 089C167DFE841241C02AAC07 /* InfoPlist.strings */; };
		8D5B49B4048680CD000E48DA /* Cocoa.framework in Frameworks */ = {isa = PBXBuildFile; fileRef = 1058C7ADFEA557BF11CA2CBB /* Cocoa.framework */; };
		918B27B10D7CFB2100D87AC2 /* EmulatorsAppliance.m in Sources */ = {isa = PBXBuildFile; fileRef = 918B27B00D7CFB2100D87AC2 /* EmulatorsAppliance.m */; };
/* End PBXBuildFile section */

/* Begin PBXFileReference section */
		089C1672FE841209C02AAC07 /* Foundation.framework */ = {isa = PBXFileReference; lastKnownFileType = wrapper.framework; name = Foundation.framework; path = /System/Library/Frameworks/Foundation.framework; sourceTree = "<absolute>"; };
		089C167EFE841241C02AAC07 /* English */ = {isa = PBXFileReference; fileEncoding = 10; lastKnownFileType = text.plist.strings; name = English; path = English.lproj/InfoPlist.strings; sourceTree = "<group>"; };
		089C167FFE841241C02AAC07 /* AppKit.framework */ = {isa = PBXFileReference; lastKnownFileType = wrapper.framework; name = AppKit.framework; path = /System/Library/Frameworks/AppKit.framework; sourceTree = "<absolute>"; };
		1058C7ADFEA557BF11CA2CBB /* Cocoa.framework */ = {isa = PBXFileReference; lastKnownFileType = wrapper.framework; name = Cocoa.framework; path = /System/Library/Frameworks/Cocoa.framework; sourceTree = "<absolute>"; };
		3E1854180F4781570070BEED /* EmulatorsOptionsController.h */ = {isa = PBXFileReference; fileEncoding = 4; lastKnownFileType = sourcecode.c.h; path = EmulatorsOptionsController.h; sourceTree = "<group>"; };
		3E1854190F4781570070BEED /* EmulatorsOptionsController.m */ = {isa = PBXFileReference; fileEncoding = 4; lastKnownFileType = sourcecode.c.objc; path = EmulatorsOptionsController.m; sourceTree = "<group>"; };
		3E5A56080FC8E44100DBBD9A /* BackRow.framework */ = {isa = PBXFileReference; lastKnownFileType = wrapper.framework; name = BackRow.framework; path = ../BackRow.framework; sourceTree = SOURCE_ROOT; };
		3E6095F2100C4E3C00C1493D /* RestartAppleTV.sh */ = {isa = PBXFileReference; fileEncoding = 4; lastKnownFileType = text.script.sh; path = RestartAppleTV.sh; sourceTree = "<group>"; };
		3E62A3C91017D0A4001316A1 /* EmulatorsDisableController.h */ = {isa = PBXFileReference; fileEncoding = 4; lastKnownFileType = sourcecode.c.h; path = EmulatorsDisableController.h; sourceTree = "<group>"; };
		3E62A3CA1017D0A4001316A1 /* EmulatorsDisableController.m */ = {isa = PBXFileReference; fileEncoding = 4; lastKnownFileType = sourcecode.c.objc; path = EmulatorsDisableController.m; sourceTree = "<group>"; };
		3E62A7891017D392001316A1 /* EmulatorsForceQuitController.h */ = {isa = PBXFileReference; fileEncoding = 4; lastKnownFileType = sourcecode.c.h; path = EmulatorsForceQuitController.h; sourceTree = "<group>"; };
		3E62A78A1017D392001316A1 /* EmulatorsForceQuitController.m */ = {isa = PBXFileReference; fileEncoding = 4; lastKnownFileType = sourcecode.c.objc; path = EmulatorsForceQuitController.m; sourceTree = "<group>"; };
		3E7C06620E25396600546305 /* QuartzCore.framework */ = {isa = PBXFileReference; lastKnownFileType = wrapper.framework; name = QuartzCore.framework; path = /System/Library/Frameworks/QuartzCore.framework; sourceTree = "<absolute>"; };
		3E8F9186100C349000274DA3 /* RunScript.sh */ = {isa = PBXFileReference; fileEncoding = 4; lastKnownFileType = text.script.sh; path = RunScript.sh; sourceTree = "<group>"; };
		3EB2F5670F3D5C2F003E095D /* EmulatorsAlertController.h */ = {isa = PBXFileReference; fileEncoding = 4; lastKnownFileType = sourcecode.c.h; path = EmulatorsAlertController.h; sourceTree = "<group>"; };
		3EB2F5680F3D5C2F003E095D /* EmulatorsAlertController.m */ = {isa = PBXFileReference; fileEncoding = 4; lastKnownFileType = sourcecode.c.objc; path = EmulatorsAlertController.m; sourceTree = "<group>"; };
		3EC821F80F9137420037ACA2 /* com.bannister.boycottadvance.plist */ = {isa = PBXFileReference; lastKnownFileType = file.bplist; path = com.bannister.boycottadvance.plist; sourceTree = "<group>"; };
		3EC821F90F9137420037ACA2 /* com.bannister.genesisplus.plist */ = {isa = PBXFileReference; lastKnownFileType = file.bplist; path = com.bannister.genesisplus.plist; sourceTree = "<group>"; };
		3EC821FA0F9137420037ACA2 /* com.bannister.mugrat.plist */ = {isa = PBXFileReference; lastKnownFileType = file.bplist; path = com.bannister.mugrat.plist; sourceTree = "<group>"; };
		3EC821FB0F9137420037ACA2 /* com.bannister.nestopia.plist */ = {isa = PBXFileReference; lastKnownFileType = file.bplist; path = com.bannister.nestopia.plist; sourceTree = "<group>"; };
		3EC821FC0F9137420037ACA2 /* com.Gerrit.sixtyforce.plist */ = {isa = PBXFileReference; lastKnownFileType = file.bplist; path = com.Gerrit.sixtyforce.plist; sourceTree = "<group>"; };
		3EC821FD0F9137420037ACA2 /* net.mame.mameosx.plist */ = {isa = PBXFileReference; lastKnownFileType = file.bplist; path = net.mame.mameosx.plist; sourceTree = "<group>"; };
		3EC822070F91375F0037ACA2 /* EnableQuartz.sh */ = {isa = PBXFileReference; fileEncoding = 4; lastKnownFileType = text.script.sh; path = EnableQuartz.sh; sourceTree = "<group>"; };
		3EC822080F91375F0037ACA2 /* EnableUIScripting.sh */ = {isa = PBXFileReference; fileEncoding = 4; lastKnownFileType = text.script.sh; path = EnableUIScripting.sh; sourceTree = "<group>"; };
		3EC822090F91375F0037ACA2 /* KillFinder.sh */ = {isa = PBXFileReference; fileEncoding = 4; lastKnownFileType = text.script.sh; path = KillFinder.sh; sourceTree = "<group>"; };
		3EC8220A0F91375F0037ACA2 /* RebuildLaunchServices.sh */ = {isa = PBXFileReference; fileEncoding = 4; lastKnownFileType = text.script.sh; path = RebuildLaunchServices.sh; sourceTree = "<group>"; };
		3ED7C1D10F365DA90006BC70 /* defaults.plist */ = {isa = PBXFileReference; fileEncoding = 4; lastKnownFileType = text.plist.xml; path = defaults.plist; sourceTree = "<group>"; };
		3EDA34030FCB73C000556B9E /* SavePathToROM.sh */ = {isa = PBXFileReference; fileEncoding = 4; lastKnownFileType = text.script.sh; path = SavePathToROM.sh; sourceTree = "<group>"; };
		3EDA34050FCB76C400556B9E /* ForgetPathToROM.sh */ = {isa = PBXFileReference; fileEncoding = 4; lastKnownFileType = text.script.sh; path = ForgetPathToROM.sh; sourceTree = "<group>"; };
		3EE6FE1F0E11DBC000C50DF2 /* EmulatorsApplianceMenuController.h */ = {isa = PBXFileReference; fileEncoding = 4; lastKnownFileType = sourcecode.c.h; path = EmulatorsApplianceMenuController.h; sourceTree = "<group>"; };
		3EE6FE200E11DBC000C50DF2 /* EmulatorsApplianceMenuController.m */ = {isa = PBXFileReference; fileEncoding = 4; lastKnownFileType = sourcecode.c.objc; path = EmulatorsApplianceMenuController.m; sourceTree = "<group>"; };
		5EB6B1FC0F6A81E000EC5314 /* BackRowHelper.m */ = {isa = PBXFileReference; fileEncoding = 4; lastKnownFileType = sourcecode.c.objc; path = BackRowHelper.m; sourceTree = "<group>"; };
		5EB6B1FE0F6A81EA00EC5314 /* BackRowHelper.h */ = {isa = PBXFileReference; fileEncoding = 4; lastKnownFileType = sourcecode.c.h; path = BackRowHelper.h; sourceTree = "<group>"; };
		8D5B49B6048680CD000E48DA /* Emulators.frappliance */ = {isa = PBXFileReference; explicitFileType = wrapper.cfbundle; includeInIndex = 0; path = Emulators.frappliance; sourceTree = BUILT_PRODUCTS_DIR; };
		8D5B49B7048680CD000E48DA /* Info.plist */ = {isa = PBXFileReference; fileEncoding = 4; lastKnownFileType = text.plist.xml; path = Info.plist; sourceTree = "<group>"; };
		918B27AF0D7CFB2100D87AC2 /* EmulatorsAppliance.h */ = {isa = PBXFileReference; fileEncoding = 4; lastKnownFileType = sourcecode.c.h; path = EmulatorsAppliance.h; sourceTree = "<group>"; };
		918B27B00D7CFB2100D87AC2 /* EmulatorsAppliance.m */ = {isa = PBXFileReference; fileEncoding = 4; lastKnownFileType = sourcecode.c.objc; path = EmulatorsAppliance.m; sourceTree = "<group>"; };
		D2F7E65807B2D6F200F64583 /* CoreData.framework */ = {isa = PBXFileReference; lastKnownFileType = wrapper.framework; name = CoreData.framework; path = /System/Library/Frameworks/CoreData.framework; sourceTree = "<absolute>"; };
/* End PBXFileReference section */

/* Begin PBXFrameworksBuildPhase section */
		8D5B49B3048680CD000E48DA /* Frameworks */ = {
			isa = PBXFrameworksBuildPhase;
			buildActionMask = 2147483647;
			files = (
				8D5B49B4048680CD000E48DA /* Cocoa.framework in Frameworks */,
				3E7C06630E25396600546305 /* QuartzCore.framework in Frameworks */,
				3E5A56090FC8E44100DBBD9A /* BackRow.framework in Frameworks */,
			);
			runOnlyForDeploymentPostprocessing = 0;
		};
/* End PBXFrameworksBuildPhase section */

/* Begin PBXGroup section */
		089C166AFE841209C02AAC07 /* HelloWorld */ = {
			isa = PBXGroup;
			children = (
				08FB77AFFE84173DC02AAC07 /* Classes */,
				089C167CFE841241C02AAC07 /* Resources */,
				089C1671FE841209C02AAC07 /* Frameworks and Libraries */,
				19C28FB8FE9D52D311CA2CBB /* Products */,
			);
			name = HelloWorld;
			sourceTree = "<group>";
		};
		089C1671FE841209C02AAC07 /* Frameworks and Libraries */ = {
			isa = PBXGroup;
			children = (
				1058C7ACFEA557BF11CA2CBB /* Linked Frameworks */,
				1058C7AEFEA557BF11CA2CBB /* Other Frameworks */,
			);
			name = "Frameworks and Libraries";
			sourceTree = "<group>";
		};
		089C167CFE841241C02AAC07 /* Resources */ = {
			isa = PBXGroup;
			children = (
				8D5B49B7048680CD000E48DA /* Info.plist */,
				089C167DFE841241C02AAC07 /* InfoPlist.strings */,
				3ED7C1D10F365DA90006BC70 /* defaults.plist */,
				3EC821F70F9137420037ACA2 /* Preferences */,
				3EC822060F91375F0037ACA2 /* Scripts */,
			);
			name = Resources;
			sourceTree = "<group>";
		};
		08FB77AFFE84173DC02AAC07 /* Classes */ = {
			isa = PBXGroup;
			children = (
				5EB6B1FE0F6A81EA00EC5314 /* BackRowHelper.h */,
				5EB6B1FC0F6A81E000EC5314 /* BackRowHelper.m */,
				918B27AF0D7CFB2100D87AC2 /* EmulatorsAppliance.h */,
				918B27B00D7CFB2100D87AC2 /* EmulatorsAppliance.m */,
				3EE6FE1F0E11DBC000C50DF2 /* EmulatorsApplianceMenuController.h */,
				3EE6FE200E11DBC000C50DF2 /* EmulatorsApplianceMenuController.m */,
				3EB2F5670F3D5C2F003E095D /* EmulatorsAlertController.h */,
				3EB2F5680F3D5C2F003E095D /* EmulatorsAlertController.m */,
				3E1854180F4781570070BEED /* EmulatorsOptionsController.h */,
				3E1854190F4781570070BEED /* EmulatorsOptionsController.m */,
				3E62A3C91017D0A4001316A1 /* EmulatorsDisableController.h */,
				3E62A3CA1017D0A4001316A1 /* EmulatorsDisableController.m */,
				3E62A7891017D392001316A1 /* EmulatorsForceQuitController.h */,
				3E62A78A1017D392001316A1 /* EmulatorsForceQuitController.m */,
			);
			name = Classes;
			sourceTree = "<group>";
		};
		1058C7ACFEA557BF11CA2CBB /* Linked Frameworks */ = {
			isa = PBXGroup;
			children = (
				3E5A56080FC8E44100DBBD9A /* BackRow.framework */,
				3E7C06620E25396600546305 /* QuartzCore.framework */,
				1058C7ADFEA557BF11CA2CBB /* Cocoa.framework */,
			);
			name = "Linked Frameworks";
			sourceTree = "<group>";
		};
		1058C7AEFEA557BF11CA2CBB /* Other Frameworks */ = {
			isa = PBXGroup;
			children = (
				089C167FFE841241C02AAC07 /* AppKit.framework */,
				D2F7E65807B2D6F200F64583 /* CoreData.framework */,
				089C1672FE841209C02AAC07 /* Foundation.framework */,
			);
			name = "Other Frameworks";
			sourceTree = "<group>";
		};
		19C28FB8FE9D52D311CA2CBB /* Products */ = {
			isa = PBXGroup;
			children = (
				8D5B49B6048680CD000E48DA /* Emulators.frappliance */,
			);
			name = Products;
			sourceTree = "<group>";
		};
		3EC821F70F9137420037ACA2 /* Preferences */ = {
			isa = PBXGroup;
			children = (
				3EC821F80F9137420037ACA2 /* com.bannister.boycottadvance.plist */,
				3EC821F90F9137420037ACA2 /* com.bannister.genesisplus.plist */,
				3EC821FA0F9137420037ACA2 /* com.bannister.mugrat.plist */,
				3EC821FB0F9137420037ACA2 /* com.bannister.nestopia.plist */,
				3EC821FC0F9137420037ACA2 /* com.Gerrit.sixtyforce.plist */,
				3EC821FD0F9137420037ACA2 /* net.mame.mameosx.plist */,
			);
			path = Preferences;
			sourceTree = "<group>";
		};
		3EC822060F91375F0037ACA2 /* Scripts */ = {
			isa = PBXGroup;
			children = (
				3EC822070F91375F0037ACA2 /* EnableQuartz.sh */,
				3EC822080F91375F0037ACA2 /* EnableUIScripting.sh */,
				3EC822090F91375F0037ACA2 /* KillFinder.sh */,
				3EC8220A0F91375F0037ACA2 /* RebuildLaunchServices.sh */,
				3EDA34030FCB73C000556B9E /* SavePathToROM.sh */,
				3EDA34050FCB76C400556B9E /* ForgetPathToROM.sh */,
				3E8F9186100C349000274DA3 /* RunScript.sh */,
				3E6095F2100C4E3C00C1493D /* RestartAppleTV.sh */,
			);
			path = Scripts;
			sourceTree = "<group>";
		};
/* End PBXGroup section */

/* Begin PBXNativeTarget section */
		8D5B49AC048680CD000E48DA /* Emulators */ = {
			isa = PBXNativeTarget;
			buildConfigurationList = 1DEB913A08733D840010E9CD /* Build configuration list for PBXNativeTarget "Emulators" */;
			buildPhases = (
				8D5B49AF048680CD000E48DA /* Resources */,
				8D5B49B1048680CD000E48DA /* Sources */,
				8D5B49B3048680CD000E48DA /* Frameworks */,
			);
			buildRules = (
			);
			dependencies = (
			);
			name = Emulators;
			productInstallPath = "$(HOME)/Library/Bundles";
			productName = HelloWorld;
			productReference = 8D5B49B6048680CD000E48DA /* Emulators.frappliance */;
			productType = "com.apple.product-type.bundle";
		};
/* End PBXNativeTarget section */

/* Begin PBXProject section */
		089C1669FE841209C02AAC07 /* Project object */ = {
			isa = PBXProject;
			buildConfigurationList = 1DEB913E08733D840010E9CD /* Build configuration list for PBXProject "Emulators" */;
			compatibilityVersion = "Xcode 3.0";
			hasScannedForEncodings = 1;
			mainGroup = 089C166AFE841209C02AAC07 /* HelloWorld */;
			projectDirPath = "";
			projectRoot = "";
			targets = (
				8D5B49AC048680CD000E48DA /* Emulators */,
			);
		};
/* End PBXProject section */

/* Begin PBXResourcesBuildPhase section */
		8D5B49AF048680CD000E48DA /* Resources */ = {
			isa = PBXResourcesBuildPhase;
			buildActionMask = 2147483647;
			files = (
				8D5B49B0048680CD000E48DA /* InfoPlist.strings in Resources */,
				3ED7C1D20F365DA90006BC70 /* defaults.plist in Resources */,
				3EC821FE0F9137420037ACA2 /* com.bannister.boycottadvance.plist in Resources */,
				3EC821FF0F9137420037ACA2 /* com.bannister.genesisplus.plist in Resources */,
				3EC822000F9137420037ACA2 /* com.bannister.mugrat.plist in Resources */,
				3EC822010F9137420037ACA2 /* com.bannister.nestopia.plist in Resources */,
				3EC822020F9137420037ACA2 /* com.Gerrit.sixtyforce.plist in Resources */,
				3EC822030F9137420037ACA2 /* net.mame.mameosx.plist in Resources */,
				3EC8220B0F91375F0037ACA2 /* EnableQuartz.sh in Resources */,
				3EC8220C0F91375F0037ACA2 /* EnableUIScripting.sh in Resources */,
				3EC8220D0F91375F0037ACA2 /* KillFinder.sh in Resources */,
				3EC8220E0F91375F0037ACA2 /* RebuildLaunchServices.sh in Resources */,
				3EDA34040FCB73C000556B9E /* SavePathToROM.sh in Resources */,
				3EDA34060FCB76C400556B9E /* ForgetPathToROM.sh in Resources */,
				3E8F9187100C349000274DA3 /* RunScript.sh in Resources */,
				3E6095F3100C4E3C00C1493D /* RestartAppleTV.sh in Resources */,
			);
			runOnlyForDeploymentPostprocessing = 0;
		};
/* End PBXResourcesBuildPhase section */

/* Begin PBXSourcesBuildPhase section */
		8D5B49B1048680CD000E48DA /* Sources */ = {
			isa = PBXSourcesBuildPhase;
			buildActionMask = 2147483647;
			files = (
				918B27B10D7CFB2100D87AC2 /* EmulatorsAppliance.m in Sources */,
				3EE6FE210E11DBC000C50DF2 /* EmulatorsApplianceMenuController.m in Sources */,
				3EB2F5690F3D5C2F003E095D /* EmulatorsAlertController.m in Sources */,
				3E18541A0F4781570070BEED /* EmulatorsOptionsController.m in Sources */,
				5EB6B1FD0F6A81E000EC5314 /* BackRowHelper.m in Sources */,
				3E62A3CB1017D0A4001316A1 /* EmulatorsDisableController.m in Sources */,
				3E62A78B1017D392001316A1 /* EmulatorsForceQuitController.m in Sources */,
			);
			runOnlyForDeploymentPostprocessing = 0;
		};
/* End PBXSourcesBuildPhase section */

/* Begin PBXVariantGroup section */
		089C167DFE841241C02AAC07 /* InfoPlist.strings */ = {
			isa = PBXVariantGroup;
			children = (
				089C167EFE841241C02AAC07 /* English */,
			);
			name = InfoPlist.strings;
			sourceTree = "<group>";
		};
/* End PBXVariantGroup section */

/* Begin XCBuildConfiguration section */
		1DEB913C08733D840010E9CD /* Release */ = {
			isa = XCBuildConfiguration;
			buildSettings = {
				DEBUG_INFORMATION_FORMAT = "dwarf-with-dsym";
				FRAMEWORK_SEARCH_PATHS = (
					"$(inherited)",
					"\"$(SRCROOT)/..\"",
					"\"$(SRCROOT)/../../../Documents/Development/Headers/2.3\"",
				);
				GCC_MODEL_TUNING = G5;
				GCC_PRECOMPILE_PREFIX_HEADER = YES;
				GCC_PREFIX_HEADER = "";
				INFOPLIST_FILE = Info.plist;
				INSTALL_PATH = "$(HOME)/Library/Bundles";
				PRODUCT_NAME = Emulators;
				SDKROOT = "$(DEVELOPER_SDK_DIR)/MacOSX10.4u.sdk";
				VALID_ARCHS = "i386 x86_64";
				WRAPPER_EXTENSION = frappliance;
				ZERO_LINK = NO;
			};
			name = Release;
		};
		1DEB914008733D840010E9CD /* Release */ = {
			isa = XCBuildConfiguration;
			buildSettings = {
				ARCHS = (
					ppc,
					i386,
				);
				GCC_WARN_ABOUT_RETURN_TYPE = YES;
				GCC_WARN_UNUSED_VARIABLE = YES;
				OTHER_CFLAGS = "-DDEBUG_MODE=false";
				PREBINDING = NO;
				SDKROOT = "$(DEVELOPER_SDK_DIR)/MacOSX10.5.sdk";
			};
			name = Release;
		};
		3E4CE6470F36D29F004E4713 /* Debug */ = {
			isa = XCBuildConfiguration;
			buildSettings = {
				ARCHS = (
					ppc,
					i386,
				);
				GCC_WARN_ABOUT_RETURN_TYPE = YES;
				GCC_WARN_UNUSED_VARIABLE = YES;
				OTHER_CFLAGS = "-DDEBUG_MODE=true";
				PREBINDING = NO;
				SDKROOT = "$(DEVELOPER_SDK_DIR)/MacOSX10.5.sdk";
			};
			name = Debug;
		};
		3E4CE6480F36D29F004E4713 /* Debug */ = {
			isa = XCBuildConfiguration;
			buildSettings = {
				DEBUG_INFORMATION_FORMAT = "dwarf-with-dsym";
				FRAMEWORK_SEARCH_PATHS = (
					"$(inherited)",
					"\"$(SRCROOT)/..\"",
					"\"$(SRCROOT)/../../../Documents/Development/Headers/2.3\"",
				);
				GCC_MODEL_TUNING = G5;
				GCC_PRECOMPILE_PREFIX_HEADER = YES;
				GCC_PREFIX_HEADER = "";
				INFOPLIST_FILE = Info.plist;
				INSTALL_PATH = "$(HOME)/Library/Bundles";
				PRODUCT_NAME = Emulators;
				SDKROOT = "$(DEVELOPER_SDK_DIR)/MacOSX10.4u.sdk";
				VALID_ARCHS = "i386 x86_64";
				WRAPPER_EXTENSION = frappliance;
				ZERO_LINK = NO;
			};
			name = Debug;
		};
/* End XCBuildConfiguration section */

/* Begin XCConfigurationList section */
		1DEB913A08733D840010E9CD /* Build configuration list for PBXNativeTarget "Emulators" */ = {
			isa = XCConfigurationList;
			buildConfigurations = (
				1DEB913C08733D840010E9CD /* Release */,
				3E4CE6480F36D29F004E4713 /* Debug */,
			);
			defaultConfigurationIsVisible = 0;
			defaultConfigurationName = Release;
		};
		1DEB913E08733D840010E9CD /* Build configuration list for PBXProject "Emulators" */ = {
			isa = XCConfigurationList;
			buildConfigurations = (
				1DEB914008733D840010E9CD /* Release */,
				3E4CE6470F36D29F004E4713 /* Debug */,
			);
			defaultConfigurationIsVisible = 0;
			defaultConfigurationName = Release;
		};
/* End XCConfigurationList section */
	};
	rootObject = 089C1669FE841209C02AAC07 /* Project object */;
}
